
Microsoft Visual Studio Solution File, Format Version 12.00
# Visual Studio 15
VisualStudioVersion = 15.0.27428.2002
MinimumVisualStudioVersion = 10.0.40219.1
Project("{FAE04EC0-301F-11D3-BF4B-00C04F79EFBC}") = "SoftTeam.SoftBar", "SoftTeam.SoftBar\SoftTeam.SoftBar.csproj", "{BC230C79-56AC-4EA0-80FE-F2E123EAC202}"
EndProject
Project("{FAE04EC0-301F-11D3-BF4B-00C04F79EFBC}") = "SoftTeam.SoftBar.Core", "SoftTeam.SoftBar.Core\SoftTeam.SoftBar.Core.csproj", "{D9C6BD21-88BD-4338-8D58-E6659AF6B2CB}"
EndProject
Project("{FAE04EC0-301F-11D3-BF4B-00C04F79EFBC}") = "SoftTeam.SoftBar.Test", "SoftTeam.SoftBar.Test\SoftTeam.SoftBar.Test.csproj", "{F9F7283B-FDD3-4668-B037-14928E53F58F}"
EndProject
Global
	GlobalSection(SolutionConfigurationPlatforms) = preSolution
		Debug|Any CPU = Debug|Any CPU
		Release|Any CPU = Release|Any CPU
	EndGlobalSection
	GlobalSection(ProjectConfigurationPlatforms) = postSolution
		{BC230C79-56AC-4EA0-80FE-F2E123EAC202}.Debug|Any CPU.ActiveCfg = Debug|Any CPU
		{BC230C79-56AC-4EA0-80FE-F2E123EAC202}.Debug|Any CPU.Build.0 = Debug|Any CPU
		{BC230C79-56AC-4EA0-80FE-F2E123EAC202}.Release|Any CPU.ActiveCfg = Release|Any CPU
		{BC230C79-56AC-4EA0-80FE-F2E123EAC202}.Release|Any CPU.Build.0 = Release|Any CPU
		{D9C6BD21-88BD-4338-8D58-E6659AF6B2CB}.Debug|Any CPU.ActiveCfg = Debug|Any CPU
		{D9C6BD21-88BD-4338-8D58-E6659AF6B2CB}.Debug|Any CPU.Build.0 = Debug|Any CPU
		{D9C6BD21-88BD-4338-8D58-E6659AF6B2CB}.Release|Any CPU.ActiveCfg = Release|Any CPU
		{D9C6BD21-88BD-4338-8D58-E6659AF6B2CB}.Release|Any CPU.Build.0 = Release|Any CPU
		{F9F7283B-FDD3-4668-B037-14928E53F58F}.Debug|Any CPU.ActiveCfg = Debug|Any CPU
		{F9F7283B-FDD3-4668-B037-14928E53F58F}.Debug|Any CPU.Build.0 = Debug|Any CPU
		{F9F7283B-FDD3-4668-B037-14928E53F58F}.Release|Any CPU.ActiveCfg = Release|Any CPU
		{F9F7283B-FDD3-4668-B037-14928E53F58F}.Release|Any CPU.Build.0 = Release|Any CPU
	EndGlobalSection
	GlobalSection(SolutionProperties) = preSolution
		HideSolutionNode = FALSE
	EndGlobalSection
	GlobalSection(ExtensibilityGlobals) = postSolution
		SolutionGuid = {AB290A9A-1314-4B68-B9C0-697C4151B932}
	EndGlobalSection
EndGlobal
